
Microsoft Visual Studio Solution File, Format Version 12.00
# Visual Studio Version 17
VisualStudioVersion = 17.7.34024.191
MinimumVisualStudioVersion = 10.0.40219.1
Project("{FAE04EC0-301F-11D3-BF4B-00C04F79EFBC}") = "week4_database", "week4_database.csproj", "{3A77DEAE-3D4F-4585-B0C6-20DACB73853D}"
EndProject
Global
	GlobalSection(SolutionConfigurationPlatforms) = preSolution
		Debug|Any CPU = Debug|Any CPU
		Release|Any CPU = Release|Any CPU
	EndGlobalSection
	GlobalSection(ProjectConfigurationPlatforms) = postSolution
		{3A77DEAE-3D4F-4585-B0C6-20DACB73853D}.Debug|Any CPU.ActiveCfg = Debug|Any CPU
		{3A77DEAE-3D4F-4585-B0C6-20DACB73853D}.Debug|Any CPU.Build.0 = Debug|Any CPU
		{3A77DEAE-3D4F-4585-B0C6-20DACB73853D}.Release|Any CPU.ActiveCfg = Release|Any CPU
		{3A77DEAE-3D4F-4585-B0C6-20DACB73853D}.Release|Any CPU.Build.0 = Release|Any CPU
	EndGlobalSection
	GlobalSection(SolutionProperties) = preSolution
		HideSolutionNode = FALSE
	EndGlobalSection
	GlobalSection(ExtensibilityGlobals) = postSolution
		SolutionGuid = {A5E592A9-ADD2-4FD8-9C73-27DB1B239350}
	EndGlobalSection
EndGlobal
